
Microsoft Visual Studio Solution File, Format Version 12.00
# Visual Studio Version 16
VisualStudioVersion = 16.0.31624.102
MinimumVisualStudioVersion = 10.0.40219.1
Project("{FAE04EC0-301F-11D3-BF4B-00C04F79EFBC}") = "Magaz", "Magaz\Magaz.csproj", "{375E1974-BE9A-4480-8837-04D63A97F67C}"
EndProject
Global
	GlobalSection(SolutionConfigurationPlatforms) = preSolution
		Debug|Any CPU = Debug|Any CPU
		Release|Any CPU = Release|Any CPU
	EndGlobalSection
	GlobalSection(ProjectConfigurationPlatforms) = postSolution
		{375E1974-BE9A-4480-8837-04D63A97F67C}.Debug|Any CPU.ActiveCfg = Debug|Any CPU
		{375E1974-BE9A-4480-8837-04D63A97F67C}.Debug|Any CPU.Build.0 = Debug|Any CPU
		{375E1974-BE9A-4480-8837-04D63A97F67C}.Release|Any CPU.ActiveCfg = Release|Any CPU
		{375E1974-BE9A-4480-8837-04D63A97F67C}.Release|Any CPU.Build.0 = Release|Any CPU
	EndGlobalSection
	GlobalSection(SolutionProperties) = preSolution
		HideSolutionNode = FALSE
	EndGlobalSection
	GlobalSection(ExtensibilityGlobals) = postSolution
		SolutionGuid = {CAB861CB-976C-4A63-850A-C57E908F8805}
	EndGlobalSection
EndGlobal
